
Microsoft Visual Studio Solution File, Format Version 12.00
# Visual Studio Version 16
VisualStudioVersion = 16.0.28917.181
MinimumVisualStudioVersion = 10.0.40219.1
Project("{FAE04EC0-301F-11D3-BF4B-00C04F79EFBC}") = "WhatisObjectclass", "WhatisObjectclass\WhatisObjectclass.csproj", "{3A2FCC5B-E1C4-4679-AB00-05A5A39B25D3}"
EndProject
Project("{FAE04EC0-301F-11D3-BF4B-00C04F79EFBC}") = "WhatisPoliMorphism", "WhatisPoliMorphism\WhatisPoliMorphism.csproj", "{D15D60AA-1564-4A83-84BB-90304A392B6F}"
EndProject
Global
	GlobalSection(SolutionConfigurationPlatforms) = preSolution
		Debug|Any CPU = Debug|Any CPU
		Release|Any CPU = Release|Any CPU
	EndGlobalSection
	GlobalSection(ProjectConfigurationPlatforms) = postSolution
		{3A2FCC5B-E1C4-4679-AB00-05A5A39B25D3}.Debug|Any CPU.ActiveCfg = Debug|Any CPU
		{3A2FCC5B-E1C4-4679-AB00-05A5A39B25D3}.Debug|Any CPU.Build.0 = Debug|Any CPU
		{3A2FCC5B-E1C4-4679-AB00-05A5A39B25D3}.Release|Any CPU.ActiveCfg = Release|Any CPU
		{3A2FCC5B-E1C4-4679-AB00-05A5A39B25D3}.Release|Any CPU.Build.0 = Release|Any CPU
		{D15D60AA-1564-4A83-84BB-90304A392B6F}.Debug|Any CPU.ActiveCfg = Debug|Any CPU
		{D15D60AA-1564-4A83-84BB-90304A392B6F}.Debug|Any CPU.Build.0 = Debug|Any CPU
		{D15D60AA-1564-4A83-84BB-90304A392B6F}.Release|Any CPU.ActiveCfg = Release|Any CPU
		{D15D60AA-1564-4A83-84BB-90304A392B6F}.Release|Any CPU.Build.0 = Release|Any CPU
	EndGlobalSection
	GlobalSection(SolutionProperties) = preSolution
		HideSolutionNode = FALSE
	EndGlobalSection
	GlobalSection(ExtensibilityGlobals) = postSolution
		SolutionGuid = {FFE42220-2E3B-46D5-9BD2-8CD9CCA79D75}
	EndGlobalSection
EndGlobal
